github.com/seancfoley/bintree v1.4.0 h1:Voxh1yBkOMWTXR4dP/hOrLYVq/yVwxaRVPc6pIj3kME=
github.com/seancfoley/bintree v1.4.0/go.mod h1:hIUabL8OFYyFVTQ6azeajbopogQc2l5C/hiXMcemWNU=
github.com/seancfoley/ipaddress-go v1.8.4 h1:o1pxYJ0hsxgjtBVYJfqtyIZlsDIjNaePJyYYrI9eCjU=
github.com/seancfoley/ipaddress-go v1.8.4/go.mod h1:82ztygvPl5HAjSoz/mBcJNjTgTpCGH5hL/m8XeXFU3g=
